
Microsoft Visual Studio Solution File, Format Version 12.00
# Visual Studio Version 17
VisualStudioVersion = 17.0.31903.59
MinimumVisualStudioVersion = 10.0.40219.1
Project("{2150E333-8FDC-42A3-9474-1A3956D46DE8}") = "src", "src", "{B1D87BA9-8812-4EFA-BBBE-1FF1EEEB5433}"
EndProject
Project("{FAE04EC0-301F-11D3-BF4B-00C04F79EFBC}") = "Common", "src\Common\Common.csproj", "{EA0A66FF-9E8A-4465-84EC-B2CFFC7E4393}"
EndProject
Project("{FAE04EC0-301F-11D3-BF4B-00C04F79EFBC}") = "Common.Tests", "src\Common.Tests\Common.Tests.csproj", "{B4FD0CE4-4265-4906-A203-3B15300FF44C}"
EndProject
Project("{2150E333-8FDC-42A3-9474-1A3956D46DE8}") = "demos", "demos", "{6A2C8920-FA72-44E3-AB08-4FC8B2655A30}"
EndProject
Project("{2150E333-8FDC-42A3-9474-1A3956D46DE8}") = "Command-Line", "Command-Line", "{461A9BB1-D773-451F-BD3E-4765A332A782}"
EndProject
Project("{FAE04EC0-301F-11D3-BF4B-00C04F79EFBC}") = "CLI", "demos\Command-Line\CLI\CLI.csproj", "{42BC9844-F934-4C26-9354-0B78BF770DD2}"
EndProject
Global
	GlobalSection(SolutionConfigurationPlatforms) = preSolution
		Debug|Any CPU = Debug|Any CPU
		Release|Any CPU = Release|Any CPU
	EndGlobalSection
	GlobalSection(SolutionProperties) = preSolution
		HideSolutionNode = FALSE
	EndGlobalSection
	GlobalSection(ProjectConfigurationPlatforms) = postSolution
		{EA0A66FF-9E8A-4465-84EC-B2CFFC7E4393}.Debug|Any CPU.ActiveCfg = Debug|Any CPU
		{EA0A66FF-9E8A-4465-84EC-B2CFFC7E4393}.Debug|Any CPU.Build.0 = Debug|Any CPU
		{EA0A66FF-9E8A-4465-84EC-B2CFFC7E4393}.Release|Any CPU.ActiveCfg = Release|Any CPU
		{EA0A66FF-9E8A-4465-84EC-B2CFFC7E4393}.Release|Any CPU.Build.0 = Release|Any CPU
		{B4FD0CE4-4265-4906-A203-3B15300FF44C}.Debug|Any CPU.ActiveCfg = Debug|Any CPU
		{B4FD0CE4-4265-4906-A203-3B15300FF44C}.Debug|Any CPU.Build.0 = Debug|Any CPU
		{B4FD0CE4-4265-4906-A203-3B15300FF44C}.Release|Any CPU.ActiveCfg = Release|Any CPU
		{B4FD0CE4-4265-4906-A203-3B15300FF44C}.Release|Any CPU.Build.0 = Release|Any CPU
		{42BC9844-F934-4C26-9354-0B78BF770DD2}.Debug|Any CPU.ActiveCfg = Debug|Any CPU
		{42BC9844-F934-4C26-9354-0B78BF770DD2}.Debug|Any CPU.Build.0 = Debug|Any CPU
		{42BC9844-F934-4C26-9354-0B78BF770DD2}.Release|Any CPU.ActiveCfg = Release|Any CPU
		{42BC9844-F934-4C26-9354-0B78BF770DD2}.Release|Any CPU.Build.0 = Release|Any CPU
	EndGlobalSection
	GlobalSection(NestedProjects) = preSolution
		{EA0A66FF-9E8A-4465-84EC-B2CFFC7E4393} = {B1D87BA9-8812-4EFA-BBBE-1FF1EEEB5433}
		{B4FD0CE4-4265-4906-A203-3B15300FF44C} = {B1D87BA9-8812-4EFA-BBBE-1FF1EEEB5433}
		{461A9BB1-D773-451F-BD3E-4765A332A782} = {6A2C8920-FA72-44E3-AB08-4FC8B2655A30}
		{42BC9844-F934-4C26-9354-0B78BF770DD2} = {461A9BB1-D773-451F-BD3E-4765A332A782}
	EndGlobalSection
EndGlobal
