
Microsoft Visual Studio Solution File, Format Version 12.00
# Visual Studio Version 17
VisualStudioVersion = 17.0.31903.59
MinimumVisualStudioVersion = 10.0.40219.1
Project("{2150E333-8FDC-42A3-9474-1A3956D46DE8}") = "PowerSync", "PowerSync", "{B1D87BA9-8812-4EFA-BBBE-1FF1EEEB5433}"
EndProject
Project("{FAE04EC0-301F-11D3-BF4B-00C04F79EFBC}") = "PowerSync.Common", "PowerSync\PowerSync.Common\PowerSync.Common.csproj", "{EA0A66FF-9E8A-4465-84EC-B2CFFC7E4393}"
EndProject
Project("{2150E333-8FDC-42A3-9474-1A3956D46DE8}") = "Tests", "Tests", "{7404B997-119F-4826-845A-18023CC9F002}"
EndProject
Project("{2150E333-8FDC-42A3-9474-1A3956D46DE8}") = "PowerSync", "PowerSync", "{C784FBE4-CC1E-4A0A-AE8E-6B818DD3724D}"
EndProject
Project("{FAE04EC0-301F-11D3-BF4B-00C04F79EFBC}") = "PowerSync.Common.Tests", "Tests\PowerSync\PowerSync.Common.Tests\PowerSync.Common.Tests.csproj", "{11102D8A-1B2C-4299-8289-88909F132A56}"
EndProject
Project("{2150E333-8FDC-42A3-9474-1A3956D46DE8}") = "demos", "demos", "{9144195A-C68F-4B1E-A574-474EDD424D6C}"
EndProject
Project("{FAE04EC0-301F-11D3-BF4B-00C04F79EFBC}") = "CommandLine", "demos\CommandLine\CommandLine.csproj", "{D7FDA714-D29F-4D85-B3F2-74C6810A36F9}"
EndProject
Project("{FAE04EC0-301F-11D3-BF4B-00C04F79EFBC}") = "TodoSQLite", "demos\TodoSQLite\TodoSQLite.csproj", "{B8B2A9E2-FEC9-495B-B03E-23078E7B651D}"
EndProject
Project("{FAE04EC0-301F-11D3-BF4B-00C04F79EFBC}") = "WPF", "demos\WPF\WPF.csproj", "{AF297026-0BEA-4B8E-97C9-6540C6D52B36}"
EndProject
Global
	GlobalSection(SolutionConfigurationPlatforms) = preSolution
		Debug|Any CPU = Debug|Any CPU
		Debug|x64 = Debug|x64
		Debug|x86 = Debug|x86
		Release|Any CPU = Release|Any CPU
		Release|x64 = Release|x64
		Release|x86 = Release|x86
	EndGlobalSection
	GlobalSection(ProjectConfigurationPlatforms) = postSolution
		{EA0A66FF-9E8A-4465-84EC-B2CFFC7E4393}.Debug|Any CPU.ActiveCfg = Debug|Any CPU
		{EA0A66FF-9E8A-4465-84EC-B2CFFC7E4393}.Debug|Any CPU.Build.0 = Debug|Any CPU
		{EA0A66FF-9E8A-4465-84EC-B2CFFC7E4393}.Debug|x64.ActiveCfg = Debug|Any CPU
		{EA0A66FF-9E8A-4465-84EC-B2CFFC7E4393}.Debug|x64.Build.0 = Debug|Any CPU
		{EA0A66FF-9E8A-4465-84EC-B2CFFC7E4393}.Debug|x86.ActiveCfg = Debug|Any CPU
		{EA0A66FF-9E8A-4465-84EC-B2CFFC7E4393}.Debug|x86.Build.0 = Debug|Any CPU
		{EA0A66FF-9E8A-4465-84EC-B2CFFC7E4393}.Release|Any CPU.ActiveCfg = Release|Any CPU
		{EA0A66FF-9E8A-4465-84EC-B2CFFC7E4393}.Release|Any CPU.Build.0 = Release|Any CPU
		{EA0A66FF-9E8A-4465-84EC-B2CFFC7E4393}.Release|x64.ActiveCfg = Release|Any CPU
		{EA0A66FF-9E8A-4465-84EC-B2CFFC7E4393}.Release|x64.Build.0 = Release|Any CPU
		{EA0A66FF-9E8A-4465-84EC-B2CFFC7E4393}.Release|x86.ActiveCfg = Release|Any CPU
		{EA0A66FF-9E8A-4465-84EC-B2CFFC7E4393}.Release|x86.Build.0 = Release|Any CPU
		{11102D8A-1B2C-4299-8289-88909F132A56}.Debug|Any CPU.ActiveCfg = Debug|Any CPU
		{11102D8A-1B2C-4299-8289-88909F132A56}.Debug|Any CPU.Build.0 = Debug|Any CPU
		{11102D8A-1B2C-4299-8289-88909F132A56}.Debug|x64.ActiveCfg = Debug|Any CPU
		{11102D8A-1B2C-4299-8289-88909F132A56}.Debug|x64.Build.0 = Debug|Any CPU
		{11102D8A-1B2C-4299-8289-88909F132A56}.Debug|x86.ActiveCfg = Debug|Any CPU
		{11102D8A-1B2C-4299-8289-88909F132A56}.Debug|x86.Build.0 = Debug|Any CPU
		{11102D8A-1B2C-4299-8289-88909F132A56}.Release|Any CPU.ActiveCfg = Release|Any CPU
		{11102D8A-1B2C-4299-8289-88909F132A56}.Release|Any CPU.Build.0 = Release|Any CPU
		{11102D8A-1B2C-4299-8289-88909F132A56}.Release|x64.ActiveCfg = Release|Any CPU
		{11102D8A-1B2C-4299-8289-88909F132A56}.Release|x64.Build.0 = Release|Any CPU
		{11102D8A-1B2C-4299-8289-88909F132A56}.Release|x86.ActiveCfg = Release|Any CPU
		{11102D8A-1B2C-4299-8289-88909F132A56}.Release|x86.Build.0 = Release|Any CPU
		{D7FDA714-D29F-4D85-B3F2-74C6810A36F9}.Debug|Any CPU.ActiveCfg = Debug|Any CPU
		{D7FDA714-D29F-4D85-B3F2-74C6810A36F9}.Debug|Any CPU.Build.0 = Debug|Any CPU
		{D7FDA714-D29F-4D85-B3F2-74C6810A36F9}.Debug|x64.ActiveCfg = Debug|Any CPU
		{D7FDA714-D29F-4D85-B3F2-74C6810A36F9}.Debug|x64.Build.0 = Debug|Any CPU
		{D7FDA714-D29F-4D85-B3F2-74C6810A36F9}.Debug|x86.ActiveCfg = Debug|Any CPU
		{D7FDA714-D29F-4D85-B3F2-74C6810A36F9}.Debug|x86.Build.0 = Debug|Any CPU
		{D7FDA714-D29F-4D85-B3F2-74C6810A36F9}.Release|Any CPU.ActiveCfg = Release|Any CPU
		{D7FDA714-D29F-4D85-B3F2-74C6810A36F9}.Release|Any CPU.Build.0 = Release|Any CPU
		{D7FDA714-D29F-4D85-B3F2-74C6810A36F9}.Release|x64.ActiveCfg = Release|Any CPU
		{D7FDA714-D29F-4D85-B3F2-74C6810A36F9}.Release|x64.Build.0 = Release|Any CPU
		{D7FDA714-D29F-4D85-B3F2-74C6810A36F9}.Release|x86.ActiveCfg = Release|Any CPU
		{D7FDA714-D29F-4D85-B3F2-74C6810A36F9}.Release|x86.Build.0 = Release|Any CPU
		{B8B2A9E2-FEC9-495B-B03E-23078E7B651D}.Debug|Any CPU.ActiveCfg = Debug|Any CPU
		{B8B2A9E2-FEC9-495B-B03E-23078E7B651D}.Debug|Any CPU.Build.0 = Debug|Any CPU
		{B8B2A9E2-FEC9-495B-B03E-23078E7B651D}.Debug|x64.ActiveCfg = Debug|Any CPU
		{B8B2A9E2-FEC9-495B-B03E-23078E7B651D}.Debug|x64.Build.0 = Debug|Any CPU
		{B8B2A9E2-FEC9-495B-B03E-23078E7B651D}.Debug|x86.ActiveCfg = Debug|Any CPU
		{B8B2A9E2-FEC9-495B-B03E-23078E7B651D}.Debug|x86.Build.0 = Debug|Any CPU
		{B8B2A9E2-FEC9-495B-B03E-23078E7B651D}.Release|Any CPU.ActiveCfg = Release|Any CPU
		{B8B2A9E2-FEC9-495B-B03E-23078E7B651D}.Release|Any CPU.Build.0 = Release|Any CPU
		{B8B2A9E2-FEC9-495B-B03E-23078E7B651D}.Release|x64.ActiveCfg = Release|Any CPU
		{B8B2A9E2-FEC9-495B-B03E-23078E7B651D}.Release|x64.Build.0 = Release|Any CPU
		{B8B2A9E2-FEC9-495B-B03E-23078E7B651D}.Release|x86.ActiveCfg = Release|Any CPU
		{B8B2A9E2-FEC9-495B-B03E-23078E7B651D}.Release|x86.Build.0 = Release|Any CPU
		{AF297026-0BEA-4B8E-97C9-6540C6D52B36}.Debug|Any CPU.ActiveCfg = Debug|Any CPU
		{AF297026-0BEA-4B8E-97C9-6540C6D52B36}.Debug|Any CPU.Build.0 = Debug|Any CPU
		{AF297026-0BEA-4B8E-97C9-6540C6D52B36}.Debug|x64.ActiveCfg = Debug|Any CPU
		{AF297026-0BEA-4B8E-97C9-6540C6D52B36}.Debug|x64.Build.0 = Debug|Any CPU
		{AF297026-0BEA-4B8E-97C9-6540C6D52B36}.Debug|x86.ActiveCfg = Debug|Any CPU
		{AF297026-0BEA-4B8E-97C9-6540C6D52B36}.Debug|x86.Build.0 = Debug|Any CPU
		{AF297026-0BEA-4B8E-97C9-6540C6D52B36}.Release|Any CPU.ActiveCfg = Release|Any CPU
		{AF297026-0BEA-4B8E-97C9-6540C6D52B36}.Release|Any CPU.Build.0 = Release|Any CPU
		{AF297026-0BEA-4B8E-97C9-6540C6D52B36}.Release|x64.ActiveCfg = Release|Any CPU
		{AF297026-0BEA-4B8E-97C9-6540C6D52B36}.Release|x64.Build.0 = Release|Any CPU
		{AF297026-0BEA-4B8E-97C9-6540C6D52B36}.Release|x86.ActiveCfg = Release|Any CPU
		{AF297026-0BEA-4B8E-97C9-6540C6D52B36}.Release|x86.Build.0 = Release|Any CPU
	EndGlobalSection
	GlobalSection(SolutionProperties) = preSolution
		HideSolutionNode = FALSE
	EndGlobalSection
	GlobalSection(NestedProjects) = preSolution
		{EA0A66FF-9E8A-4465-84EC-B2CFFC7E4393} = {B1D87BA9-8812-4EFA-BBBE-1FF1EEEB5433}
		{C784FBE4-CC1E-4A0A-AE8E-6B818DD3724D} = {7404B997-119F-4826-845A-18023CC9F002}
		{11102D8A-1B2C-4299-8289-88909F132A56} = {C784FBE4-CC1E-4A0A-AE8E-6B818DD3724D}
		{D7FDA714-D29F-4D85-B3F2-74C6810A36F9} = {9144195A-C68F-4B1E-A574-474EDD424D6C}
		{B8B2A9E2-FEC9-495B-B03E-23078E7B651D} = {9144195A-C68F-4B1E-A574-474EDD424D6C}
		{AF297026-0BEA-4B8E-97C9-6540C6D52B36} = {9144195A-C68F-4B1E-A574-474EDD424D6C}
	EndGlobalSection
EndGlobal
